// !$*UTF8*$!
{
	archiveVersion = 1;
	classes = {
	};
	objectVersion = 50;
	objects = {

/* Begin PBXBuildFile section */
		36933E6E2457555300326E67 /* Prometo-ThinItalic.ttf in Resources */ = {isa = PBXBuildFile; fileRef = 36933E602457555200326E67 /* Prometo-ThinItalic.ttf */; };
		36933E6F2457555300326E67 /* Prometo-Black.ttf in Resources */ = {isa = PBXBuildFile; fileRef = 36933E612457555200326E67 /* Prometo-Black.ttf */; };
		36933E702457555300326E67 /* Prometo-Thin.ttf in Resources */ = {isa = PBXBuildFile; fileRef = 36933E622457555200326E67 /* Prometo-Thin.ttf */; };
		36933E712457555300326E67 /* Prometo-XBoldItalic.ttf in Resources */ = {isa = PBXBuildFile; fileRef = 36933E632457555200326E67 /* Prometo-XBoldItalic.ttf */; };
		36933E722457555300326E67 /* Prometo-BlackItalic.ttf in Resources */ = {isa = PBXBuildFile; fileRef = 36933E642457555200326E67 /* Prometo-BlackItalic.ttf */; };
		36933E732457555300326E67 /* Prometo-Italic.ttf in Resources */ = {isa = PBXBuildFile; fileRef = 36933E652457555200326E67 /* Prometo-Italic.ttf */; };
		36933E742457555300326E67 /* Prometo-LightItalic.ttf in Resources */ = {isa = PBXBuildFile; fileRef = 36933E662457555200326E67 /* Prometo-LightItalic.ttf */; };
		36933E752457555300326E67 /* Prometo-Light.ttf in Resources */ = {isa = PBXBuildFile; fileRef = 36933E672457555200326E67 /* Prometo-Light.ttf */; };
		36933E762457555300326E67 /* Prometo-XBold.ttf in Resources */ = {isa = PBXBuildFile; fileRef = 36933E682457555200326E67 /* Prometo-XBold.ttf */; };
		36933E772457555300326E67 /* Prometo-Medium.ttf in Resources */ = {isa = PBXBuildFile; fileRef = 36933E692457555200326E67 /* Prometo-Medium.ttf */; };
		36933E782457555300326E67 /* Prometo.ttf in Resources */ = {isa = PBXBuildFile; fileRef = 36933E6A2457555200326E67 /* Prometo.ttf */; };
		36933E792457555300326E67 /* Prometo-MediumItalic.ttf in Resources */ = {isa = PBXBuildFile; fileRef = 36933E6B2457555200326E67 /* Prometo-MediumItalic.ttf */; };
		36933E7A2457555300326E67 /* Prometo-BoldItalic.ttf in Resources */ = {isa = PBXBuildFile; fileRef = 36933E6C2457555200326E67 /* Prometo-BoldItalic.ttf */; };
		36933E7B2457555300326E67 /* Prometo-Bold.ttf in Resources */ = {isa = PBXBuildFile; fileRef = 36933E6D2457555300326E67 /* Prometo-Bold.ttf */; };
		7B09DB45239072AF00D6675D /* QuestionModel.swift in Sources */ = {isa = PBXBuildFile; fileRef = 7B09DB44239072AF00D6675D /* QuestionModel.swift */; };
		7BFA14C32372066600723322 /* AppDelegate.swift in Sources */ = {isa = PBXBuildFile; fileRef = 7BFA14C22372066600723322 /* AppDelegate.swift */; };
		7BFA14C52372066600723322 /* ViewController.swift in Sources */ = {isa = PBXBuildFile; fileRef = 7BFA14C42372066600723322 /* ViewController.swift */; };
		7BFA14C82372066600723322 /* Main.storyboard in Resources */ = {isa = PBXBuildFile; fileRef = 7BFA14C62372066600723322 /* Main.storyboard */; };
		7BFA14CA2372066800723322 /* Assets.xcassets in Resources */ = {isa = PBXBuildFile; fileRef = 7BFA14C92372066800723322 /* Assets.xcassets */; };
		7BFA14CD2372066800723322 /* LaunchScreen.storyboard in Resources */ = {isa = PBXBuildFile; fileRef = 7BFA14CB2372066800723322 /* LaunchScreen.storyboard */; };
		7BFA14F7237224F000723322 /* MainViewController.swift in Sources */ = {isa = PBXBuildFile; fileRef = 7BFA14F6237224F000723322 /* MainViewController.swift */; };
		7BFA14F9237224FD00723322 /* QuizViewController.swift in Sources */ = {isa = PBXBuildFile; fileRef = 7BFA14F8237224FD00723322 /* QuizViewController.swift */; };
/* End PBXBuildFile section */

/* Begin PBXFileReference section */
		36933E602457555200326E67 /* Prometo-ThinItalic.ttf */ = {isa = PBXFileReference; lastKnownFileType = file; path = "Prometo-ThinItalic.ttf"; sourceTree = "<group>"; };
		36933E612457555200326E67 /* Prometo-Black.ttf */ = {isa = PBXFileReference; lastKnownFileType = file; path = "Prometo-Black.ttf"; sourceTree = "<group>"; };
		36933E622457555200326E67 /* Prometo-Thin.ttf */ = {isa = PBXFileReference; lastKnownFileType = file; path = "Prometo-Thin.ttf"; sourceTree = "<group>"; };
		36933E632457555200326E67 /* Prometo-XBoldItalic.ttf */ = {isa = PBXFileReference; lastKnownFileType = file; path = "Prometo-XBoldItalic.ttf"; sourceTree = "<group>"; };
		36933E642457555200326E67 /* Prometo-BlackItalic.ttf */ = {isa = PBXFileReference; lastKnownFileType = file; path = "Prometo-BlackItalic.ttf"; sourceTree = "<group>"; };
		36933E652457555200326E67 /* Prometo-Italic.ttf */ = {isa = PBXFileReference; lastKnownFileType = file; path = "Prometo-Italic.ttf"; sourceTree = "<group>"; };
		36933E662457555200326E67 /* Prometo-LightItalic.ttf */ = {isa = PBXFileReference; lastKnownFileType = file; path = "Prometo-LightItalic.ttf"; sourceTree = "<group>"; };
		36933E672457555200326E67 /* Prometo-Light.ttf */ = {isa = PBXFileReference; lastKnownFileType = file; path = "Prometo-Light.ttf"; sourceTree = "<group>"; };
		36933E682457555200326E67 /* Prometo-XBold.ttf */ = {isa = PBXFileReference; lastKnownFileType = file; path = "Prometo-XBold.ttf"; sourceTree = "<group>"; };
		36933E692457555200326E67 /* Prometo-Medium.ttf */ = {isa = PBXFileReference; lastKnownFileType = file; path = "Prometo-Medium.ttf"; sourceTree = "<group>"; };
		36933E6A2457555200326E67 /* Prometo.ttf */ = {isa = PBXFileReference; lastKnownFileType = file; path = Prometo.ttf; sourceTree = "<group>"; };
		36933E6B2457555200326E67 /* Prometo-MediumItalic.ttf */ = {isa = PBXFileReference; lastKnownFileType = file; path = "Prometo-MediumItalic.ttf"; sourceTree = "<group>"; };
		36933E6C2457555200326E67 /* Prometo-BoldItalic.ttf */ = {isa = PBXFileReference; lastKnownFileType = file; path = "Prometo-BoldItalic.ttf"; sourceTree = "<group>"; };
		36933E6D2457555300326E67 /* Prometo-Bold.ttf */ = {isa = PBXFileReference; lastKnownFileType = file; path = "Prometo-Bold.ttf"; sourceTree = "<group>"; };
		7B09DB44239072AF00D6675D /* QuestionModel.swift */ = {isa = PBXFileReference; lastKnownFileType = sourcecode.swift; path = QuestionModel.swift; sourceTree = "<group>"; };
		7BFA14BF2372066600723322 /* swift-quiz.app */ = {isa = PBXFileReference; explicitFileType = wrapper.application; includeInIndex = 0; path = "swift-quiz.app"; sourceTree = BUILT_PRODUCTS_DIR; };
		7BFA14C22372066600723322 /* AppDelegate.swift */ = {isa = PBXFileReference; lastKnownFileType = sourcecode.swift; path = AppDelegate.swift; sourceTree = "<group>"; };
		7BFA14C42372066600723322 /* ViewController.swift */ = {isa = PBXFileReference; lastKnownFileType = sourcecode.swift; path = ViewController.swift; sourceTree = "<group>"; };
		7BFA14C72372066600723322 /* Base */ = {isa = PBXFileReference; lastKnownFileType = file.storyboard; name = Base; path = Base.lproj/Main.storyboard; sourceTree = "<group>"; };
		7BFA14C92372066800723322 /* Assets.xcassets */ = {isa = PBXFileReference; lastKnownFileType = folder.assetcatalog; path = Assets.xcassets; sourceTree = "<group>"; };
		7BFA14CC2372066800723322 /* Base */ = {isa = PBXFileReference; lastKnownFileType = file.storyboard; name = Base; path = Base.lproj/LaunchScreen.storyboard; sourceTree = "<group>"; };
		7BFA14CE2372066800723322 /* Info.plist */ = {isa = PBXFileReference; lastKnownFileType = text.plist.xml; path = Info.plist; sourceTree = "<group>"; };
		7BFA14F6237224F000723322 /* MainViewController.swift */ = {isa = PBXFileReference; lastKnownFileType = sourcecode.swift; path = MainViewController.swift; sourceTree = "<group>"; };
		7BFA14F8237224FD00723322 /* QuizViewController.swift */ = {isa = PBXFileReference; lastKnownFileType = sourcecode.swift; path = QuizViewController.swift; sourceTree = "<group>"; };
/* End PBXFileReference section */

/* Begin PBXFrameworksBuildPhase section */
		7BFA14BC2372066600723322 /* Frameworks */ = {
			isa = PBXFrameworksBuildPhase;
			buildActionMask = 2147483647;
			files = (
			);
			runOnlyForDeploymentPostprocessing = 0;
		};
/* End PBXFrameworksBuildPhase section */

/* Begin PBXGroup section */
		36933E422457436700326E67 /* Controller */ = {
			isa = PBXGroup;
			children = (
				7BFA14C42372066600723322 /* ViewController.swift */,
				7BFA14F6237224F000723322 /* MainViewController.swift */,
				7BFA14F8237224FD00723322 /* QuizViewController.swift */,
			);
			path = Controller;
			sourceTree = "<group>";
		};
		36933E432457437000326E67 /* View */ = {
			isa = PBXGroup;
			children = (
				7BFA14C62372066600723322 /* Main.storyboard */,
			);
			path = View;
			sourceTree = "<group>";
		};
		36933E442457437D00326E67 /* Model */ = {
			isa = PBXGroup;
			children = (
				7B09DB44239072AF00D6675D /* QuestionModel.swift */,
			);
			path = Model;
			sourceTree = "<group>";
		};
		36933E452457534200326E67 /* font */ = {
			isa = PBXGroup;
			children = (
				36933E612457555200326E67 /* Prometo-Black.ttf */,
				36933E642457555200326E67 /* Prometo-BlackItalic.ttf */,
				36933E6D2457555300326E67 /* Prometo-Bold.ttf */,
				36933E6C2457555200326E67 /* Prometo-BoldItalic.ttf */,
				36933E652457555200326E67 /* Prometo-Italic.ttf */,
				36933E672457555200326E67 /* Prometo-Light.ttf */,
				36933E662457555200326E67 /* Prometo-LightItalic.ttf */,
				36933E692457555200326E67 /* Prometo-Medium.ttf */,
				36933E6B2457555200326E67 /* Prometo-MediumItalic.ttf */,
				36933E622457555200326E67 /* Prometo-Thin.ttf */,
				36933E602457555200326E67 /* Prometo-ThinItalic.ttf */,
				36933E682457555200326E67 /* Prometo-XBold.ttf */,
				36933E632457555200326E67 /* Prometo-XBoldItalic.ttf */,
				36933E6A2457555200326E67 /* Prometo.ttf */,
			);
			path = font;
			sourceTree = "<group>";
		};
		7BFA14B62372066500723322 = {
			isa = PBXGroup;
			children = (
				7BFA14C12372066600723322 /* swift-quiz */,
				7BFA14C02372066600723322 /* Products */,
			);
			sourceTree = "<group>";
		};
		7BFA14C02372066600723322 /* Products */ = {
			isa = PBXGroup;
			children = (
				7BFA14BF2372066600723322 /* swift-quiz.app */,
			);
			name = Products;
			sourceTree = "<group>";
		};
		7BFA14C12372066600723322 /* swift-quiz */ = {
			isa = PBXGroup;
			children = (
				7BFA14C22372066600723322 /* AppDelegate.swift */,
				36933E442457437D00326E67 /* Model */,
				36933E432457437000326E67 /* View */,
				36933E422457436700326E67 /* Controller */,
				7BFA14C92372066800723322 /* Assets.xcassets */,
				7BFA14CB2372066800723322 /* LaunchScreen.storyboard */,
				7BFA14CE2372066800723322 /* Info.plist */,
				36933E452457534200326E67 /* font */,
			);
			path = "swift-quiz";
			sourceTree = "<group>";
		};
/* End PBXGroup section */

/* Begin PBXNativeTarget section */
		7BFA14BE2372066600723322 /* swift-quiz */ = {
			isa = PBXNativeTarget;
			buildConfigurationList = 7BFA14E72372066800723322 /* Build configuration list for PBXNativeTarget "swift-quiz" */;
			buildPhases = (
				7BFA14BB2372066600723322 /* Sources */,
				7BFA14BC2372066600723322 /* Frameworks */,
				7BFA14BD2372066600723322 /* Resources */,
			);
			buildRules = (
			);
			dependencies = (
			);
			name = "swift-quiz";
			productName = "swift-quiz";
			productReference = 7BFA14BF2372066600723322 /* swift-quiz.app */;
			productType = "com.apple.product-type.application";
		};
/* End PBXNativeTarget section */

/* Begin PBXProject section */
		7BFA14B72372066500723322 /* Project object */ = {
			isa = PBXProject;
			attributes = {
				LastSwiftUpdateCheck = 1010;
				LastUpgradeCheck = 1010;
				ORGANIZATIONNAME = "ANA THAYNA CONCEICAO FRANCA";
				TargetAttributes = {
					7BFA14BE2372066600723322 = {
						CreatedOnToolsVersion = 10.1;
					};
				};
			};
			buildConfigurationList = 7BFA14BA2372066600723322 /* Build configuration list for PBXProject "swift-quiz" */;
			compatibilityVersion = "Xcode 9.3";
			developmentRegion = en;
			hasScannedForEncodings = 0;
			knownRegions = (
				en,
				Base,
			);
			mainGroup = 7BFA14B62372066500723322;
			productRefGroup = 7BFA14C02372066600723322 /* Products */;
			projectDirPath = "";
			projectRoot = "";
			targets = (
				7BFA14BE2372066600723322 /* swift-quiz */,
			);
		};
/* End PBXProject section */

/* Begin PBXResourcesBuildPhase section */
		7BFA14BD2372066600723322 /* Resources */ = {
			isa = PBXResourcesBuildPhase;
			buildActionMask = 2147483647;
			files = (
				7BFA14CD2372066800723322 /* LaunchScreen.storyboard in Resources */,
				36933E762457555300326E67 /* Prometo-XBold.ttf in Resources */,
				36933E722457555300326E67 /* Prometo-BlackItalic.ttf in Resources */,
				36933E712457555300326E67 /* Prometo-XBoldItalic.ttf in Resources */,
				7BFA14CA2372066800723322 /* Assets.xcassets in Resources */,
				36933E702457555300326E67 /* Prometo-Thin.ttf in Resources */,
				36933E732457555300326E67 /* Prometo-Italic.ttf in Resources */,
				36933E742457555300326E67 /* Prometo-LightItalic.ttf in Resources */,
				36933E752457555300326E67 /* Prometo-Light.ttf in Resources */,
				36933E792457555300326E67 /* Prometo-MediumItalic.ttf in Resources */,
				36933E6E2457555300326E67 /* Prometo-ThinItalic.ttf in Resources */,
				36933E772457555300326E67 /* Prometo-Medium.ttf in Resources */,
				36933E7B2457555300326E67 /* Prometo-Bold.ttf in Resources */,
				36933E7A2457555300326E67 /* Prometo-BoldItalic.ttf in Resources */,
				7BFA14C82372066600723322 /* Main.storyboard in Resources */,
				36933E6F2457555300326E67 /* Prometo-Black.ttf in Resources */,
				36933E782457555300326E67 /* Prometo.ttf in Resources */,
			);
			runOnlyForDeploymentPostprocessing = 0;
		};
/* End PBXResourcesBuildPhase section */

/* Begin PBXSourcesBuildPhase section */
		7BFA14BB2372066600723322 /* Sources */ = {
			isa = PBXSourcesBuildPhase;
			buildActionMask = 2147483647;
			files = (
				7BFA14F7237224F000723322 /* MainViewController.swift in Sources */,
				7BFA14C52372066600723322 /* ViewController.swift in Sources */,
				7BFA14C32372066600723322 /* AppDelegate.swift in Sources */,
				7BFA14F9237224FD00723322 /* QuizViewController.swift in Sources */,
				7B09DB45239072AF00D6675D /* QuestionModel.swift in Sources */,
			);
			runOnlyForDeploymentPostprocessing = 0;
		};
/* End PBXSourcesBuildPhase section */

/* Begin PBXVariantGroup section */
		7BFA14C62372066600723322 /* Main.storyboard */ = {
			isa = PBXVariantGroup;
			children = (
				7BFA14C72372066600723322 /* Base */,
			);
			name = Main.storyboard;
			sourceTree = "<group>";
		};
		7BFA14CB2372066800723322 /* LaunchScreen.storyboard */ = {
			isa = PBXVariantGroup;
			children = (
				7BFA14CC2372066800723322 /* Base */,
			);
			name = LaunchScreen.storyboard;
			sourceTree = "<group>";
		};
/* End PBXVariantGroup section */

/* Begin XCBuildConfiguration section */
		7BFA14E52372066800723322 /* Debug */ = {
			isa = XCBuildConfiguration;
			buildSettings = {
				ALWAYS_SEARCH_USER_PATHS = NO;
				CLANG_ANALYZER_NONNULL = YES;
				CLANG_ANALYZER_NUMBER_OBJECT_CONVERSION = YES_AGGRESSIVE;
				CLANG_CXX_LANGUAGE_STANDARD = "gnu++14";
				CLANG_CXX_LIBRARY = "libc++";
				CLANG_ENABLE_MODULES = YES;
				CLANG_ENABLE_OBJC_ARC = YES;
				CLANG_ENABLE_OBJC_WEAK = YES;
				CLANG_WARN_BLOCK_CAPTURE_AUTORELEASING = YES;
				CLANG_WARN_BOOL_CONVERSION = YES;
				CLANG_WARN_COMMA = YES;
				CLANG_WARN_CONSTANT_CONVERSION = YES;
				CLANG_WARN_DEPRECATED_OBJC_IMPLEMENTATIONS = YES;
				CLANG_WARN_DIRECT_OBJC_ISA_USAGE = YES_ERROR;
				CLANG_WARN_DOCUMENTATION_COMMENTS = YES;
				CLANG_WARN_EMPTY_BODY = YES;
				CLANG_WARN_ENUM_CONVERSION = YES;
				CLANG_WARN_INFINITE_RECURSION = YES;
				CLANG_WARN_INT_CONVERSION = YES;
				CLANG_WARN_NON_LITERAL_NULL_CONVERSION = YES;
				CLANG_WARN_OBJC_IMPLICIT_RETAIN_SELF = YES;
				CLANG_WARN_OBJC_LITERAL_CONVERSION = YES;
				CLANG_WARN_OBJC_ROOT_CLASS = YES_ERROR;
				CLANG_WARN_RANGE_LOOP_ANALYSIS = YES;
				CLANG_WARN_STRICT_PROTOTYPES = YES;
				CLANG_WARN_SUSPICIOUS_MOVE = YES;
				CLANG_WARN_UNGUARDED_AVAILABILITY = YES_AGGRESSIVE;
				CLANG_WARN_UNREACHABLE_CODE = YES;
				CLANG_WARN__DUPLICATE_METHOD_MATCH = YES;
				CODE_SIGN_IDENTITY = "iPhone Developer";
				COPY_PHASE_STRIP = NO;
				DEBUG_INFORMATION_FORMAT = dwarf;
				ENABLE_STRICT_OBJC_MSGSEND = YES;
				ENABLE_TESTABILITY = YES;
				GCC_C_LANGUAGE_STANDARD = gnu11;
				GCC_DYNAMIC_NO_PIC = NO;
				GCC_NO_COMMON_BLOCKS = YES;
				GCC_OPTIMIZATION_LEVEL = 0;
				GCC_PREPROCESSOR_DEFINITIONS = (
					"DEBUG=1",
					"$(inherited)",
				);
				GCC_WARN_64_TO_32_BIT_CONVERSION = YES;
				GCC_WARN_ABOUT_RETURN_TYPE = YES_ERROR;
				GCC_WARN_UNDECLARED_SELECTOR = YES;
				GCC_WARN_UNINITIALIZED_AUTOS = YES_AGGRESSIVE;
				GCC_WARN_UNUSED_FUNCTION = YES;
				GCC_WARN_UNUSED_VARIABLE = YES;
				IPHONEOS_DEPLOYMENT_TARGET = 12.1;
				MTL_ENABLE_DEBUG_INFO = INCLUDE_SOURCE;
				MTL_FAST_MATH = YES;
				ONLY_ACTIVE_ARCH = YES;
				SDKROOT = iphoneos;
				SWIFT_ACTIVE_COMPILATION_CONDITIONS = DEBUG;
				SWIFT_OPTIMIZATION_LEVEL = "-Onone";
			};
			name = Debug;
		};
		7BFA14E62372066800723322 /* Release */ = {
			isa = XCBuildConfiguration;
			buildSettings = {
				ALWAYS_SEARCH_USER_PATHS = NO;
				CLANG_ANALYZER_NONNULL = YES;
				CLANG_ANALYZER_NUMBER_OBJECT_CONVERSION = YES_AGGRESSIVE;
				CLANG_CXX_LANGUAGE_STANDARD = "gnu++14";
				CLANG_CXX_LIBRARY = "libc++";
				CLANG_ENABLE_MODULES = YES;
				CLANG_ENABLE_OBJC_ARC = YES;
				CLANG_ENABLE_OBJC_WEAK = YES;
				CLANG_WARN_BLOCK_CAPTURE_AUTORELEASING = YES;
				CLANG_WARN_BOOL_CONVERSION = YES;
				CLANG_WARN_COMMA = YES;
				CLANG_WARN_CONSTANT_CONVERSION = YES;
				CLANG_WARN_DEPRECATED_OBJC_IMPLEMENTATIONS = YES;
				CLANG_WARN_DIRECT_OBJC_ISA_USAGE = YES_ERROR;
				CLANG_WARN_DOCUMENTATION_COMMENTS = YES;
				CLANG_WARN_EMPTY_BODY = YES;
				CLANG_WARN_ENUM_CONVERSION = YES;
				CLANG_WARN_INFINITE_RECURSION = YES;
				CLANG_WARN_INT_CONVERSION = YES;
				CLANG_WARN_NON_LITERAL_NULL_CONVERSION = YES;
				CLANG_WARN_OBJC_IMPLICIT_RETAIN_SELF = YES;
				CLANG_WARN_OBJC_LITERAL_CONVERSION = YES;
				CLANG_WARN_OBJC_ROOT_CLASS = YES_ERROR;
				CLANG_WARN_RANGE_LOOP_ANALYSIS = YES;
				CLANG_WARN_STRICT_PROTOTYPES = YES;
				CLANG_WARN_SUSPICIOUS_MOVE = YES;
				CLANG_WARN_UNGUARDED_AVAILABILITY = YES_AGGRESSIVE;
				CLANG_WARN_UNREACHABLE_CODE = YES;
				CLANG_WARN__DUPLICATE_METHOD_MATCH = YES;
				CODE_SIGN_IDENTITY = "iPhone Developer";
				COPY_PHASE_STRIP = NO;
				DEBUG_INFORMATION_FORMAT = "dwarf-with-dsym";
				ENABLE_NS_ASSERTIONS = NO;
				ENABLE_STRICT_OBJC_MSGSEND = YES;
				GCC_C_LANGUAGE_STANDARD = gnu11;
				GCC_NO_COMMON_BLOCKS = YES;
				GCC_WARN_64_TO_32_BIT_CONVERSION = YES;
				GCC_WARN_ABOUT_RETURN_TYPE = YES_ERROR;
				GCC_WARN_UNDECLARED_SELECTOR = YES;
				GCC_WARN_UNINITIALIZED_AUTOS = YES_AGGRESSIVE;
				GCC_WARN_UNUSED_FUNCTION = YES;
				GCC_WARN_UNUSED_VARIABLE = YES;
				IPHONEOS_DEPLOYMENT_TARGET = 12.1;
				MTL_ENABLE_DEBUG_INFO = NO;
				MTL_FAST_MATH = YES;
				SDKROOT = iphoneos;
				SWIFT_COMPILATION_MODE = wholemodule;
				SWIFT_OPTIMIZATION_LEVEL = "-O";
				VALIDATE_PRODUCT = YES;
			};
			name = Release;
		};
		7BFA14E82372066800723322 /* Debug */ = {
			isa = XCBuildConfiguration;
			buildSettings = {
				ASSETCATALOG_COMPILER_APPICON_NAME = AppIcon;
				CODE_SIGN_STYLE = Automatic;
				INFOPLIST_FILE = "swift-quiz/Info.plist";
				LD_RUNPATH_SEARCH_PATHS = (
					"$(inherited)",
					"@executable_path/Frameworks",
				);
				PRODUCT_BUNDLE_IDENTIFIER = "com.appleacademy.swift-quiz";
				PRODUCT_NAME = "$(TARGET_NAME)";
				SWIFT_VERSION = 4.2;
				TARGETED_DEVICE_FAMILY = "1,2";
			};
			name = Debug;
		};
		7BFA14E92372066800723322 /* Release */ = {
			isa = XCBuildConfiguration;
			buildSettings = {
				ASSETCATALOG_COMPILER_APPICON_NAME = AppIcon;
				CODE_SIGN_STYLE = Automatic;
				INFOPLIST_FILE = "swift-quiz/Info.plist";
				LD_RUNPATH_SEARCH_PATHS = (
					"$(inherited)",
					"@executable_path/Frameworks",
				);
				PRODUCT_BUNDLE_IDENTIFIER = "com.appleacademy.swift-quiz";
				PRODUCT_NAME = "$(TARGET_NAME)";
				SWIFT_VERSION = 4.2;
				TARGETED_DEVICE_FAMILY = "1,2";
			};
			name = Release;
		};
/* End XCBuildConfiguration section */

/* Begin XCConfigurationList section */
		7BFA14BA2372066600723322 /* Build configuration list for PBXProject "swift-quiz" */ = {
			isa = XCConfigurationList;
			buildConfigurations = (
				7BFA14E52372066800723322 /* Debug */,
				7BFA14E62372066800723322 /* Release */,
			);
			defaultConfigurationIsVisible = 0;
			defaultConfigurationName = Release;
		};
		7BFA14E72372066800723322 /* Build configuration list for PBXNativeTarget "swift-quiz" */ = {
			isa = XCConfigurationList;
			buildConfigurations = (
				7BFA14E82372066800723322 /* Debug */,
				7BFA14E92372066800723322 /* Release */,
			);
			defaultConfigurationIsVisible = 0;
			defaultConfigurationName = Release;
		};
/* End XCConfigurationList section */
	};
	rootObject = 7BFA14B72372066500723322 /* Project object */;
}
