// !$*UTF8*$!
{
	archiveVersion = 1;
	classes = {
	};
	objectVersion = 50;
	objects = {

/* Begin PBXBuildFile section */
		7B09DB45239072AF00D6675D /* QuestionModel.swift in Sources */ = {isa = PBXBuildFile; fileRef = 7B09DB44239072AF00D6675D /* QuestionModel.swift */; };
		7BFA14C32372066600723322 /* AppDelegate.swift in Sources */ = {isa = PBXBuildFile; fileRef = 7BFA14C22372066600723322 /* AppDelegate.swift */; };
		7BFA14C52372066600723322 /* ViewController.swift in Sources */ = {isa = PBXBuildFile; fileRef = 7BFA14C42372066600723322 /* ViewController.swift */; };
		7BFA14C82372066600723322 /* Main.storyboard in Resources */ = {isa = PBXBuildFile; fileRef = 7BFA14C62372066600723322 /* Main.storyboard */; };
		7BFA14CA2372066800723322 /* Assets.xcassets in Resources */ = {isa = PBXBuildFile; fileRef = 7BFA14C92372066800723322 /* Assets.xcassets */; };
		7BFA14CD2372066800723322 /* LaunchScreen.storyboard in Resources */ = {isa = PBXBuildFile; fileRef = 7BFA14CB2372066800723322 /* LaunchScreen.storyboard */; };
		7BFA14F7237224F000723322 /* MainViewController.swift in Sources */ = {isa = PBXBuildFile; fileRef = 7BFA14F6237224F000723322 /* MainViewController.swift */; };
		7BFA14F9237224FD00723322 /* QuizViewController.swift in Sources */ = {isa = PBXBuildFile; fileRef = 7BFA14F8237224FD00723322 /* QuizViewController.swift */; };
/* End PBXBuildFile section */

/* Begin PBXContainerItemProxy section */
		7BFA14D42372066800723322 /* PBXContainerItemProxy */ = {
			isa = PBXContainerItemProxy;
			containerPortal = 7BFA14B72372066500723322 /* Project object */;
			proxyType = 1;
			remoteGlobalIDString = 7BFA14BE2372066600723322;
			remoteInfo = "swift-quiz";
		};
		7BFA14DF2372066800723322 /* PBXContainerItemProxy */ = {
			isa = PBXContainerItemProxy;
			containerPortal = 7BFA14B72372066500723322 /* Project object */;
			proxyType = 1;
			remoteGlobalIDString = 7BFA14BE2372066600723322;
			remoteInfo = "swift-quiz";
		};
/* End PBXContainerItemProxy section */

/* Begin PBXFileReference section */
		7B09DB44239072AF00D6675D /* QuestionModel.swift */ = {isa = PBXFileReference; lastKnownFileType = sourcecode.swift; path = QuestionModel.swift; sourceTree = "<group>"; };
		7BFA14BF2372066600723322 /* swift-quiz.app */ = {isa = PBXFileReference; explicitFileType = wrapper.application; includeInIndex = 0; path = "swift-quiz.app"; sourceTree = BUILT_PRODUCTS_DIR; };
		7BFA14C22372066600723322 /* AppDelegate.swift */ = {isa = PBXFileReference; lastKnownFileType = sourcecode.swift; path = AppDelegate.swift; sourceTree = "<group>"; };
		7BFA14C42372066600723322 /* ViewController.swift */ = {isa = PBXFileReference; lastKnownFileType = sourcecode.swift; path = ViewController.swift; sourceTree = "<group>"; };
		7BFA14C72372066600723322 /* Base */ = {isa = PBXFileReference; lastKnownFileType = file.storyboard; name = Base; path = Base.lproj/Main.storyboard; sourceTree = "<group>"; };
		7BFA14C92372066800723322 /* Assets.xcassets */ = {isa = PBXFileReference; lastKnownFileType = folder.assetcatalog; path = Assets.xcassets; sourceTree = "<group>"; };
		7BFA14CC2372066800723322 /* Base */ = {isa = PBXFileReference; lastKnownFileType = file.storyboard; name = Base; path = Base.lproj/LaunchScreen.storyboard; sourceTree = "<group>"; };
		7BFA14CE2372066800723322 /* Info.plist */ = {isa = PBXFileReference; lastKnownFileType = text.plist.xml; path = Info.plist; sourceTree = "<group>"; };
		7BFA14D32372066800723322 /* swift-quizTests.xctest */ = {isa = PBXFileReference; explicitFileType = wrapper.cfbundle; includeInIndex = 0; path = "swift-quizTests.xctest"; sourceTree = BUILT_PRODUCTS_DIR; };
		7BFA14DE2372066800723322 /* swift-quizUITests.xctest */ = {isa = PBXFileReference; explicitFileType = wrapper.cfbundle; includeInIndex = 0; path = "swift-quizUITests.xctest"; sourceTree = BUILT_PRODUCTS_DIR; };
		7BFA14F6237224F000723322 /* MainViewController.swift */ = {isa = PBXFileReference; lastKnownFileType = sourcecode.swift; path = MainViewController.swift; sourceTree = "<group>"; };
		7BFA14F8237224FD00723322 /* QuizViewController.swift */ = {isa = PBXFileReference; lastKnownFileType = sourcecode.swift; path = QuizViewController.swift; sourceTree = "<group>"; };
/* End PBXFileReference section */

/* Begin PBXFrameworksBuildPhase section */
		7BFA14BC2372066600723322 /* Frameworks */ = {
			isa = PBXFrameworksBuildPhase;
			buildActionMask = 2147483647;
			files = (
			);
			runOnlyForDeploymentPostprocessing = 0;
		};
		7BFA14D02372066800723322 /* Frameworks */ = {
			isa = PBXFrameworksBuildPhase;
			buildActionMask = 2147483647;
			files = (
			);
			runOnlyForDeploymentPostprocessing = 0;
		};
		7BFA14DB2372066800723322 /* Frameworks */ = {
			isa = PBXFrameworksBuildPhase;
			buildActionMask = 2147483647;
			files = (
			);
			runOnlyForDeploymentPostprocessing = 0;
		};
/* End PBXFrameworksBuildPhase section */

/* Begin PBXGroup section */
		7BFA14B62372066500723322 = {
			isa = PBXGroup;
			children = (
				7BFA14C12372066600723322 /* swift-quiz */,
				7BFA14C02372066600723322 /* Products */,
			);
			sourceTree = "<group>";
		};
		7BFA14C02372066600723322 /* Products */ = {
			isa = PBXGroup;
			children = (
				7BFA14BF2372066600723322 /* swift-quiz.app */,
				7BFA14D32372066800723322 /* swift-quizTests.xctest */,
				7BFA14DE2372066800723322 /* swift-quizUITests.xctest */,
			);
			name = Products;
			sourceTree = "<group>";
		};
		7BFA14C12372066600723322 /* swift-quiz */ = {
			isa = PBXGroup;
			children = (
				7BFA14C22372066600723322 /* AppDelegate.swift */,
				7BFA14C42372066600723322 /* ViewController.swift */,
				7BFA14C62372066600723322 /* Main.storyboard */,
				7BFA14C92372066800723322 /* Assets.xcassets */,
				7BFA14CB2372066800723322 /* LaunchScreen.storyboard */,
				7BFA14CE2372066800723322 /* Info.plist */,
				7BFA14F6237224F000723322 /* MainViewController.swift */,
				7BFA14F8237224FD00723322 /* QuizViewController.swift */,
				7B09DB44239072AF00D6675D /* QuestionModel.swift */,
			);
			path = "swift-quiz";
			sourceTree = "<group>";
		};
/* End PBXGroup section */

/* Begin PBXNativeTarget section */
		7BFA14BE2372066600723322 /* swift-quiz */ = {
			isa = PBXNativeTarget;
			buildConfigurationList = 7BFA14E72372066800723322 /* Build configuration list for PBXNativeTarget "swift-quiz" */;
			buildPhases = (
				7BFA14BB2372066600723322 /* Sources */,
				7BFA14BC2372066600723322 /* Frameworks */,
				7BFA14BD2372066600723322 /* Resources */,
			);
			buildRules = (
			);
			dependencies = (
			);
			name = "swift-quiz";
			productName = "swift-quiz";
			productReference = 7BFA14BF2372066600723322 /* swift-quiz.app */;
			productType = "com.apple.product-type.application";
		};
		7BFA14D22372066800723322 /* swift-quizTests */ = {
			isa = PBXNativeTarget;
			buildConfigurationList = 7BFA14EA2372066800723322 /* Build configuration list for PBXNativeTarget "swift-quizTests" */;
			buildPhases = (
				7BFA14CF2372066800723322 /* Sources */,
				7BFA14D02372066800723322 /* Frameworks */,
				7BFA14D12372066800723322 /* Resources */,
			);
			buildRules = (
			);
			dependencies = (
				7BFA14D52372066800723322 /* PBXTargetDependency */,
			);
			name = "swift-quizTests";
			productName = "swift-quizTests";
			productReference = 7BFA14D32372066800723322 /* swift-quizTests.xctest */;
			productType = "com.apple.product-type.bundle.unit-test";
		};
		7BFA14DD2372066800723322 /* swift-quizUITests */ = {
			isa = PBXNativeTarget;
			buildConfigurationList = 7BFA14ED2372066800723322 /* Build configuration list for PBXNativeTarget "swift-quizUITests" */;
			buildPhases = (
				7BFA14DA2372066800723322 /* Sources */,
				7BFA14DB2372066800723322 /* Frameworks */,
				7BFA14DC2372066800723322 /* Resources */,
			);
			buildRules = (
			);
			dependencies = (
				7BFA14E02372066800723322 /* PBXTargetDependency */,
			);
			name = "swift-quizUITests";
			productName = "swift-quizUITests";
			productReference = 7BFA14DE2372066800723322 /* swift-quizUITests.xctest */;
			productType = "com.apple.product-type.bundle.ui-testing";
		};
/* End PBXNativeTarget section */

/* Begin PBXProject section */
		7BFA14B72372066500723322 /* Project object */ = {
			isa = PBXProject;
			attributes = {
				LastSwiftUpdateCheck = 1010;
				LastUpgradeCheck = 1010;
				ORGANIZATIONNAME = "ANA THAYNA CONCEICAO FRANCA";
				TargetAttributes = {
					7BFA14BE2372066600723322 = {
						CreatedOnToolsVersion = 10.1;
					};
					7BFA14D22372066800723322 = {
						CreatedOnToolsVersion = 10.1;
						TestTargetID = 7BFA14BE2372066600723322;
					};
					7BFA14DD2372066800723322 = {
						CreatedOnToolsVersion = 10.1;
						TestTargetID = 7BFA14BE2372066600723322;
					};
				};
			};
			buildConfigurationList = 7BFA14BA2372066600723322 /* Build configuration list for PBXProject "swift-quiz" */;
			compatibilityVersion = "Xcode 9.3";
			developmentRegion = en;
			hasScannedForEncodings = 0;
			knownRegions = (
				en,
				Base,
			);
			mainGroup = 7BFA14B62372066500723322;
			productRefGroup = 7BFA14C02372066600723322 /* Products */;
			projectDirPath = "";
			projectRoot = "";
			targets = (
				7BFA14BE2372066600723322 /* swift-quiz */,
				7BFA14D22372066800723322 /* swift-quizTests */,
				7BFA14DD2372066800723322 /* swift-quizUITests */,
			);
		};
/* End PBXProject section */

/* Begin PBXResourcesBuildPhase section */
		7BFA14BD2372066600723322 /* Resources */ = {
			isa = PBXResourcesBuildPhase;
			buildActionMask = 2147483647;
			files = (
				7BFA14CD2372066800723322 /* LaunchScreen.storyboard in Resources */,
				7BFA14CA2372066800723322 /* Assets.xcassets in Resources */,
				7BFA14C82372066600723322 /* Main.storyboard in Resources */,
			);
			runOnlyForDeploymentPostprocessing = 0;
		};
		7BFA14D12372066800723322 /* Resources */ = {
			isa = PBXResourcesBuildPhase;
			buildActionMask = 2147483647;
			files = (
			);
			runOnlyForDeploymentPostprocessing = 0;
		};
		7BFA14DC2372066800723322 /* Resources */ = {
			isa = PBXResourcesBuildPhase;
			buildActionMask = 2147483647;
			files = (
			);
			runOnlyForDeploymentPostprocessing = 0;
		};
/* End PBXResourcesBuildPhase section */

/* Begin PBXSourcesBuildPhase section */
		7BFA14BB2372066600723322 /* Sources */ = {
			isa = PBXSourcesBuildPhase;
			buildActionMask = 2147483647;
			files = (
				7BFA14F7237224F000723322 /* MainViewController.swift in Sources */,
				7BFA14C52372066600723322 /* ViewController.swift in Sources */,
				7BFA14C32372066600723322 /* AppDelegate.swift in Sources */,
				7BFA14F9237224FD00723322 /* QuizViewController.swift in Sources */,
				7B09DB45239072AF00D6675D /* QuestionModel.swift in Sources */,
			);
			runOnlyForDeploymentPostprocessing = 0;
		};
		7BFA14CF2372066800723322 /* Sources */ = {
			isa = PBXSourcesBuildPhase;
			buildActionMask = 2147483647;
			files = (
			);
			runOnlyForDeploymentPostprocessing = 0;
		};
		7BFA14DA2372066800723322 /* Sources */ = {
			isa = PBXSourcesBuildPhase;
			buildActionMask = 2147483647;
			files = (
			);
			runOnlyForDeploymentPostprocessing = 0;
		};
/* End PBXSourcesBuildPhase section */

/* Begin PBXTargetDependency section */
		7BFA14D52372066800723322 /* PBXTargetDependency */ = {
			isa = PBXTargetDependency;
			target = 7BFA14BE2372066600723322 /* swift-quiz */;
			targetProxy = 7BFA14D42372066800723322 /* PBXContainerItemProxy */;
		};
		7BFA14E02372066800723322 /* PBXTargetDependency */ = {
			isa = PBXTargetDependency;
			target = 7BFA14BE2372066600723322 /* swift-quiz */;
			targetProxy = 7BFA14DF2372066800723322 /* PBXContainerItemProxy */;
		};
/* End PBXTargetDependency section */

/* Begin PBXVariantGroup section */
		7BFA14C62372066600723322 /* Main.storyboard */ = {
			isa = PBXVariantGroup;
			children = (
				7BFA14C72372066600723322 /* Base */,
			);
			name = Main.storyboard;
			sourceTree = "<group>";
		};
		7BFA14CB2372066800723322 /* LaunchScreen.storyboard */ = {
			isa = PBXVariantGroup;
			children = (
				7BFA14CC2372066800723322 /* Base */,
			);
			name = LaunchScreen.storyboard;
			sourceTree = "<group>";
		};
/* End PBXVariantGroup section */

/* Begin XCBuildConfiguration section */
		7BFA14E52372066800723322 /* Debug */ = {
			isa = XCBuildConfiguration;
			buildSettings = {
				ALWAYS_SEARCH_USER_PATHS = NO;
				CLANG_ANALYZER_NONNULL = YES;
				CLANG_ANALYZER_NUMBER_OBJECT_CONVERSION = YES_AGGRESSIVE;
				CLANG_CXX_LANGUAGE_STANDARD = "gnu++14";
				CLANG_CXX_LIBRARY = "libc++";
				CLANG_ENABLE_MODULES = YES;
				CLANG_ENABLE_OBJC_ARC = YES;
				CLANG_ENABLE_OBJC_WEAK = YES;
				CLANG_WARN_BLOCK_CAPTURE_AUTORELEASING = YES;
				CLANG_WARN_BOOL_CONVERSION = YES;
				CLANG_WARN_COMMA = YES;
				CLANG_WARN_CONSTANT_CONVERSION = YES;
				CLANG_WARN_DEPRECATED_OBJC_IMPLEMENTATIONS = YES;
				CLANG_WARN_DIRECT_OBJC_ISA_USAGE = YES_ERROR;
				CLANG_WARN_DOCUMENTATION_COMMENTS = YES;
				CLANG_WARN_EMPTY_BODY = YES;
				CLANG_WARN_ENUM_CONVERSION = YES;
				CLANG_WARN_INFINITE_RECURSION = YES;
				CLANG_WARN_INT_CONVERSION = YES;
				CLANG_WARN_NON_LITERAL_NULL_CONVERSION = YES;
				CLANG_WARN_OBJC_IMPLICIT_RETAIN_SELF = YES;
				CLANG_WARN_OBJC_LITERAL_CONVERSION = YES;
				CLANG_WARN_OBJC_ROOT_CLASS = YES_ERROR;
				CLANG_WARN_RANGE_LOOP_ANALYSIS = YES;
				CLANG_WARN_STRICT_PROTOTYPES = YES;
				CLANG_WARN_SUSPICIOUS_MOVE = YES;
				CLANG_WARN_UNGUARDED_AVAILABILITY = YES_AGGRESSIVE;
				CLANG_WARN_UNREACHABLE_CODE = YES;
				CLANG_WARN__DUPLICATE_METHOD_MATCH = YES;
				CODE_SIGN_IDENTITY = "iPhone Developer";
				COPY_PHASE_STRIP = NO;
				DEBUG_INFORMATION_FORMAT = dwarf;
				ENABLE_STRICT_OBJC_MSGSEND = YES;
				ENABLE_TESTABILITY = YES;
				GCC_C_LANGUAGE_STANDARD = gnu11;
				GCC_DYNAMIC_NO_PIC = NO;
				GCC_NO_COMMON_BLOCKS = YES;
				GCC_OPTIMIZATION_LEVEL = 0;
				GCC_PREPROCESSOR_DEFINITIONS = (
					"DEBUG=1",
					"$(inherited)",
				);
				GCC_WARN_64_TO_32_BIT_CONVERSION = YES;
				GCC_WARN_ABOUT_RETURN_TYPE = YES_ERROR;
				GCC_WARN_UNDECLARED_SELECTOR = YES;
				GCC_WARN_UNINITIALIZED_AUTOS = YES_AGGRESSIVE;
				GCC_WARN_UNUSED_FUNCTION = YES;
				GCC_WARN_UNUSED_VARIABLE = YES;
				IPHONEOS_DEPLOYMENT_TARGET = 12.1;
				MTL_ENABLE_DEBUG_INFO = INCLUDE_SOURCE;
				MTL_FAST_MATH = YES;
				ONLY_ACTIVE_ARCH = YES;
				SDKROOT = iphoneos;
				SWIFT_ACTIVE_COMPILATION_CONDITIONS = DEBUG;
				SWIFT_OPTIMIZATION_LEVEL = "-Onone";
			};
			name = Debug;
		};
		7BFA14E62372066800723322 /* Release */ = {
			isa = XCBuildConfiguration;
			buildSettings = {
				ALWAYS_SEARCH_USER_PATHS = NO;
				CLANG_ANALYZER_NONNULL = YES;
				CLANG_ANALYZER_NUMBER_OBJECT_CONVERSION = YES_AGGRESSIVE;
				CLANG_CXX_LANGUAGE_STANDARD = "gnu++14";
				CLANG_CXX_LIBRARY = "libc++";
				CLANG_ENABLE_MODULES = YES;
				CLANG_ENABLE_OBJC_ARC = YES;
				CLANG_ENABLE_OBJC_WEAK = YES;
				CLANG_WARN_BLOCK_CAPTURE_AUTORELEASING = YES;
				CLANG_WARN_BOOL_CONVERSION = YES;
				CLANG_WARN_COMMA = YES;
				CLANG_WARN_CONSTANT_CONVERSION = YES;
				CLANG_WARN_DEPRECATED_OBJC_IMPLEMENTATIONS = YES;
				CLANG_WARN_DIRECT_OBJC_ISA_USAGE = YES_ERROR;
				CLANG_WARN_DOCUMENTATION_COMMENTS = YES;
				CLANG_WARN_EMPTY_BODY = YES;
				CLANG_WARN_ENUM_CONVERSION = YES;
				CLANG_WARN_INFINITE_RECURSION = YES;
				CLANG_WARN_INT_CONVERSION = YES;
				CLANG_WARN_NON_LITERAL_NULL_CONVERSION = YES;
				CLANG_WARN_OBJC_IMPLICIT_RETAIN_SELF = YES;
				CLANG_WARN_OBJC_LITERAL_CONVERSION = YES;
				CLANG_WARN_OBJC_ROOT_CLASS = YES_ERROR;
				CLANG_WARN_RANGE_LOOP_ANALYSIS = YES;
				CLANG_WARN_STRICT_PROTOTYPES = YES;
				CLANG_WARN_SUSPICIOUS_MOVE = YES;
				CLANG_WARN_UNGUARDED_AVAILABILITY = YES_AGGRESSIVE;
				CLANG_WARN_UNREACHABLE_CODE = YES;
				CLANG_WARN__DUPLICATE_METHOD_MATCH = YES;
				CODE_SIGN_IDENTITY = "iPhone Developer";
				COPY_PHASE_STRIP = NO;
				DEBUG_INFORMATION_FORMAT = "dwarf-with-dsym";
				ENABLE_NS_ASSERTIONS = NO;
				ENABLE_STRICT_OBJC_MSGSEND = YES;
				GCC_C_LANGUAGE_STANDARD = gnu11;
				GCC_NO_COMMON_BLOCKS = YES;
				GCC_WARN_64_TO_32_BIT_CONVERSION = YES;
				GCC_WARN_ABOUT_RETURN_TYPE = YES_ERROR;
				GCC_WARN_UNDECLARED_SELECTOR = YES;
				GCC_WARN_UNINITIALIZED_AUTOS = YES_AGGRESSIVE;
				GCC_WARN_UNUSED_FUNCTION = YES;
				GCC_WARN_UNUSED_VARIABLE = YES;
				IPHONEOS_DEPLOYMENT_TARGET = 12.1;
				MTL_ENABLE_DEBUG_INFO = NO;
				MTL_FAST_MATH = YES;
				SDKROOT = iphoneos;
				SWIFT_COMPILATION_MODE = wholemodule;
				SWIFT_OPTIMIZATION_LEVEL = "-O";
				VALIDATE_PRODUCT = YES;
			};
			name = Release;
		};
		7BFA14E82372066800723322 /* Debug */ = {
			isa = XCBuildConfiguration;
			buildSettings = {
				ASSETCATALOG_COMPILER_APPICON_NAME = AppIcon;
				CODE_SIGN_STYLE = Automatic;
				INFOPLIST_FILE = "swift-quiz/Info.plist";
				LD_RUNPATH_SEARCH_PATHS = (
					"$(inherited)",
					"@executable_path/Frameworks",
				);
				PRODUCT_BUNDLE_IDENTIFIER = "com.appleacademy.swift-quiz";
				PRODUCT_NAME = "$(TARGET_NAME)";
				SWIFT_VERSION = 4.2;
				TARGETED_DEVICE_FAMILY = "1,2";
			};
			name = Debug;
		};
		7BFA14E92372066800723322 /* Release */ = {
			isa = XCBuildConfiguration;
			buildSettings = {
				ASSETCATALOG_COMPILER_APPICON_NAME = AppIcon;
				CODE_SIGN_STYLE = Automatic;
				INFOPLIST_FILE = "swift-quiz/Info.plist";
				LD_RUNPATH_SEARCH_PATHS = (
					"$(inherited)",
					"@executable_path/Frameworks",
				);
				PRODUCT_BUNDLE_IDENTIFIER = "com.appleacademy.swift-quiz";
				PRODUCT_NAME = "$(TARGET_NAME)";
				SWIFT_VERSION = 4.2;
				TARGETED_DEVICE_FAMILY = "1,2";
			};
			name = Release;
		};
		7BFA14EB2372066800723322 /* Debug */ = {
			isa = XCBuildConfiguration;
			buildSettings = {
				ALWAYS_EMBED_SWIFT_STANDARD_LIBRARIES = YES;
				BUNDLE_LOADER = "$(TEST_HOST)";
				CODE_SIGN_STYLE = Automatic;
				INFOPLIST_FILE = "swift-quizTests/Info.plist";
				LD_RUNPATH_SEARCH_PATHS = (
					"$(inherited)",
					"@executable_path/Frameworks",
					"@loader_path/Frameworks",
				);
				PRODUCT_BUNDLE_IDENTIFIER = "com.appleacademy.swift-quizTests";
				PRODUCT_NAME = "$(TARGET_NAME)";
				SWIFT_VERSION = 4.2;
				TARGETED_DEVICE_FAMILY = "1,2";
				TEST_HOST = "$(BUILT_PRODUCTS_DIR)/swift-quiz.app/swift-quiz";
			};
			name = Debug;
		};
		7BFA14EC2372066800723322 /* Release */ = {
			isa = XCBuildConfiguration;
			buildSettings = {
				ALWAYS_EMBED_SWIFT_STANDARD_LIBRARIES = YES;
				BUNDLE_LOADER = "$(TEST_HOST)";
				CODE_SIGN_STYLE = Automatic;
				INFOPLIST_FILE = "swift-quizTests/Info.plist";
				LD_RUNPATH_SEARCH_PATHS = (
					"$(inherited)",
					"@executable_path/Frameworks",
					"@loader_path/Frameworks",
				);
				PRODUCT_BUNDLE_IDENTIFIER = "com.appleacademy.swift-quizTests";
				PRODUCT_NAME = "$(TARGET_NAME)";
				SWIFT_VERSION = 4.2;
				TARGETED_DEVICE_FAMILY = "1,2";
				TEST_HOST = "$(BUILT_PRODUCTS_DIR)/swift-quiz.app/swift-quiz";
			};
			name = Release;
		};
		7BFA14EE2372066800723322 /* Debug */ = {
			isa = XCBuildConfiguration;
			buildSettings = {
				ALWAYS_EMBED_SWIFT_STANDARD_LIBRARIES = YES;
				CODE_SIGN_STYLE = Automatic;
				INFOPLIST_FILE = "swift-quizUITests/Info.plist";
				LD_RUNPATH_SEARCH_PATHS = (
					"$(inherited)",
					"@executable_path/Frameworks",
					"@loader_path/Frameworks",
				);
				PRODUCT_BUNDLE_IDENTIFIER = "com.appleacademy.swift-quizUITests";
				PRODUCT_NAME = "$(TARGET_NAME)";
				SWIFT_VERSION = 4.2;
				TARGETED_DEVICE_FAMILY = "1,2";
				TEST_TARGET_NAME = "swift-quiz";
			};
			name = Debug;
		};
		7BFA14EF2372066800723322 /* Release */ = {
			isa = XCBuildConfiguration;
			buildSettings = {
				ALWAYS_EMBED_SWIFT_STANDARD_LIBRARIES = YES;
				CODE_SIGN_STYLE = Automatic;
				INFOPLIST_FILE = "swift-quizUITests/Info.plist";
				LD_RUNPATH_SEARCH_PATHS = (
					"$(inherited)",
					"@executable_path/Frameworks",
					"@loader_path/Frameworks",
				);
				PRODUCT_BUNDLE_IDENTIFIER = "com.appleacademy.swift-quizUITests";
				PRODUCT_NAME = "$(TARGET_NAME)";
				SWIFT_VERSION = 4.2;
				TARGETED_DEVICE_FAMILY = "1,2";
				TEST_TARGET_NAME = "swift-quiz";
			};
			name = Release;
		};
/* End XCBuildConfiguration section */

/* Begin XCConfigurationList section */
		7BFA14BA2372066600723322 /* Build configuration list for PBXProject "swift-quiz" */ = {
			isa = XCConfigurationList;
			buildConfigurations = (
				7BFA14E52372066800723322 /* Debug */,
				7BFA14E62372066800723322 /* Release */,
			);
			defaultConfigurationIsVisible = 0;
			defaultConfigurationName = Release;
		};
		7BFA14E72372066800723322 /* Build configuration list for PBXNativeTarget "swift-quiz" */ = {
			isa = XCConfigurationList;
			buildConfigurations = (
				7BFA14E82372066800723322 /* Debug */,
				7BFA14E92372066800723322 /* Release */,
			);
			defaultConfigurationIsVisible = 0;
			defaultConfigurationName = Release;
		};
		7BFA14EA2372066800723322 /* Build configuration list for PBXNativeTarget "swift-quizTests" */ = {
			isa = XCConfigurationList;
			buildConfigurations = (
				7BFA14EB2372066800723322 /* Debug */,
				7BFA14EC2372066800723322 /* Release */,
			);
			defaultConfigurationIsVisible = 0;
			defaultConfigurationName = Release;
		};
		7BFA14ED2372066800723322 /* Build configuration list for PBXNativeTarget "swift-quizUITests" */ = {
			isa = XCConfigurationList;
			buildConfigurations = (
				7BFA14EE2372066800723322 /* Debug */,
				7BFA14EF2372066800723322 /* Release */,
			);
			defaultConfigurationIsVisible = 0;
			defaultConfigurationName = Release;
		};
/* End XCConfigurationList section */
	};
	rootObject = 7BFA14B72372066500723322 /* Project object */;
}
